
Microsoft Visual Studio Solution File, Format Version 12.00
# Visual Studio Version 17
VisualStudioVersion = 17.12.35209.166
MinimumVisualStudioVersion = 10.0.40219.1
Project("{FAE04EC0-301F-11D3-BF4B-00C04F79EFBC}") = "TUGAS_1_FAJRI", "TUGAS_1_FAJRI\TUGAS_1_FAJRI.csproj", "{A799F955-6199-42E8-A905-844D8279D8C0}"
EndProject
Global
	GlobalSection(SolutionConfigurationPlatforms) = preSolution
		Debug|Any CPU = Debug|Any CPU
		Release|Any CPU = Release|Any CPU
	EndGlobalSection
	GlobalSection(ProjectConfigurationPlatforms) = postSolution
		{A799F955-6199-42E8-A905-844D8279D8C0}.Debug|Any CPU.ActiveCfg = Debug|Any CPU
		{A799F955-6199-42E8-A905-844D8279D8C0}.Debug|Any CPU.Build.0 = Debug|Any CPU
		{A799F955-6199-42E8-A905-844D8279D8C0}.Release|Any CPU.ActiveCfg = Release|Any CPU
		{A799F955-6199-42E8-A905-844D8279D8C0}.Release|Any CPU.Build.0 = Release|Any CPU
	EndGlobalSection
	GlobalSection(SolutionProperties) = preSolution
		HideSolutionNode = FALSE
	EndGlobalSection
	GlobalSection(ExtensibilityGlobals) = postSolution
		SolutionGuid = {C66F7387-0633-46DE-BEB9-7BD3B2A484C0}
	EndGlobalSection
EndGlobal
